
Microsoft Visual Studio Solution File, Format Version 12.00
# Visual Studio Version 16
VisualStudioVersion = 16.0.31005.135
MinimumVisualStudioVersion = 10.0.40219.1
Project("{9A19103F-16F7-4668-BE54-9A1E7A4F7556}") = "BlobFunction", "BlobFunction\BlobFunction.csproj", "{47EE3473-BB85-4E55-BC93-5AF90FA4DDC8}"
EndProject
Global
	GlobalSection(SolutionConfigurationPlatforms) = preSolution
		Debug|Any CPU = Debug|Any CPU
		Release|Any CPU = Release|Any CPU
	EndGlobalSection
	GlobalSection(ProjectConfigurationPlatforms) = postSolution
		{47EE3473-BB85-4E55-BC93-5AF90FA4DDC8}.Debug|Any CPU.ActiveCfg = Debug|Any CPU
		{47EE3473-BB85-4E55-BC93-5AF90FA4DDC8}.Debug|Any CPU.Build.0 = Debug|Any CPU
		{47EE3473-BB85-4E55-BC93-5AF90FA4DDC8}.Release|Any CPU.ActiveCfg = Release|Any CPU
		{47EE3473-BB85-4E55-BC93-5AF90FA4DDC8}.Release|Any CPU.Build.0 = Release|Any CPU
	EndGlobalSection
	GlobalSection(SolutionProperties) = preSolution
		HideSolutionNode = FALSE
	EndGlobalSection
	GlobalSection(ExtensibilityGlobals) = postSolution
		SolutionGuid = {4D237CB9-123E-433D-BA70-087A94AEC9B6}
	EndGlobalSection
EndGlobal
